
Microsoft Visual Studio Solution File, Format Version 12.00
# Visual Studio Version 17
VisualStudioVersion = 17.14.36109.1
MinimumVisualStudioVersion = 10.0.40219.1
Project("{FAE04EC0-301F-11D3-BF4B-00C04F79EFBC}") = "Core", "Core\Core.csproj", "{A7FEB5F5-B3B3-433C-A721-4FDB6DB352ED}"
EndProject
Project("{FAE04EC0-301F-11D3-BF4B-00C04F79EFBC}") = "CompositionRoot", "CompositionRoot\CompositionRoot.csproj", "{57F61240-A2E9-457C-B277-CEE5B04FBF55}"
EndProject
Project("{FAE04EC0-301F-11D3-BF4B-00C04F79EFBC}") = "Adapter.SqlServer", "Adapter.SqlServer\Adapter.SqlServer.csproj", "{9C161237-317B-482B-A261-546B5CA83ADE}"
EndProject
Project("{FAE04EC0-301F-11D3-BF4B-00C04F79EFBC}") = "Adapter.Api", "Adapter.Api\Adapter.Api.csproj", "{6A1E2B50-80D9-46B4-81F7-BD6EC9D2C81F}"
EndProject
Project("{FAE04EC0-301F-11D3-BF4B-00C04F79EFBC}") = "Core.Tests", "Core.Tests\Core.Tests.csproj", "{40E5BD14-A2BF-497B-A9B4-691DB5EF92F1}"
EndProject
Global
	GlobalSection(SolutionConfigurationPlatforms) = preSolution
		Debug|Any CPU = Debug|Any CPU
		Release|Any CPU = Release|Any CPU
	EndGlobalSection
	GlobalSection(ProjectConfigurationPlatforms) = postSolution
		{A7FEB5F5-B3B3-433C-A721-4FDB6DB352ED}.Debug|Any CPU.ActiveCfg = Debug|Any CPU
		{A7FEB5F5-B3B3-433C-A721-4FDB6DB352ED}.Debug|Any CPU.Build.0 = Debug|Any CPU
		{A7FEB5F5-B3B3-433C-A721-4FDB6DB352ED}.Release|Any CPU.ActiveCfg = Release|Any CPU
		{A7FEB5F5-B3B3-433C-A721-4FDB6DB352ED}.Release|Any CPU.Build.0 = Release|Any CPU
		{57F61240-A2E9-457C-B277-CEE5B04FBF55}.Debug|Any CPU.ActiveCfg = Debug|Any CPU
		{57F61240-A2E9-457C-B277-CEE5B04FBF55}.Debug|Any CPU.Build.0 = Debug|Any CPU
		{57F61240-A2E9-457C-B277-CEE5B04FBF55}.Release|Any CPU.ActiveCfg = Release|Any CPU
		{57F61240-A2E9-457C-B277-CEE5B04FBF55}.Release|Any CPU.Build.0 = Release|Any CPU
		{9C161237-317B-482B-A261-546B5CA83ADE}.Debug|Any CPU.ActiveCfg = Debug|Any CPU
		{9C161237-317B-482B-A261-546B5CA83ADE}.Debug|Any CPU.Build.0 = Debug|Any CPU
		{9C161237-317B-482B-A261-546B5CA83ADE}.Release|Any CPU.ActiveCfg = Release|Any CPU
		{9C161237-317B-482B-A261-546B5CA83ADE}.Release|Any CPU.Build.0 = Release|Any CPU
		{6A1E2B50-80D9-46B4-81F7-BD6EC9D2C81F}.Debug|Any CPU.ActiveCfg = Debug|Any CPU
		{6A1E2B50-80D9-46B4-81F7-BD6EC9D2C81F}.Debug|Any CPU.Build.0 = Debug|Any CPU
		{6A1E2B50-80D9-46B4-81F7-BD6EC9D2C81F}.Release|Any CPU.ActiveCfg = Release|Any CPU
		{6A1E2B50-80D9-46B4-81F7-BD6EC9D2C81F}.Release|Any CPU.Build.0 = Release|Any CPU
		{40E5BD14-A2BF-497B-A9B4-691DB5EF92F1}.Debug|Any CPU.ActiveCfg = Debug|Any CPU
		{40E5BD14-A2BF-497B-A9B4-691DB5EF92F1}.Debug|Any CPU.Build.0 = Debug|Any CPU
		{40E5BD14-A2BF-497B-A9B4-691DB5EF92F1}.Release|Any CPU.ActiveCfg = Release|Any CPU
		{40E5BD14-A2BF-497B-A9B4-691DB5EF92F1}.Release|Any CPU.Build.0 = Release|Any CPU
	EndGlobalSection
	GlobalSection(SolutionProperties) = preSolution
		HideSolutionNode = FALSE
	EndGlobalSection
	GlobalSection(ExtensibilityGlobals) = postSolution
		SolutionGuid = {CB0B43E6-C378-46D9-B9EA-D9468FF36B56}
	EndGlobalSection
EndGlobal
